
Microsoft Visual Studio Solution File, Format Version 12.00
Project("{FAE04EC0-301F-11D3-BF4B-00C04F79EFBC}") = "ProductCommandAPI", "Services\Product\ProductCommandAPI\ProductCommandAPI.csproj", "{FC730E80-5688-4FF8-A51C-1FD371F8A67D}"
EndProject
Project("{FAE04EC0-301F-11D3-BF4B-00C04F79EFBC}") = "ProductQueryAPI", "Services\Product\ProductQueryAPI\ProductQueryAPI.csproj", "{059F7C5C-3699-432D-8097-F7D9F4273A86}"
EndProject
Project("{FAE04EC0-301F-11D3-BF4B-00C04F79EFBC}") = "CartCommandAPI", "Services\Cart\CartCommandAPI\CartCommandAPI.csproj", "{C9FB89A8-B5D8-4BBB-A633-C3998359E6B4}"
EndProject
Project("{FAE04EC0-301F-11D3-BF4B-00C04F79EFBC}") = "CartQueryAPI", "Services\Cart\CartQueryAPI\CartQueryAPI.csproj", "{A101E04D-C5AC-4546-AE24-83444F68D1B0}"
EndProject
Project("{FAE04EC0-301F-11D3-BF4B-00C04F79EFBC}") = "PaymentCommandAPI", "Services\Payment\PaymentCommandAPI\PaymentCommandAPI.csproj", "{740618DA-C741-404A-A652-E0E9A1F11696}"
EndProject
Project("{FAE04EC0-301F-11D3-BF4B-00C04F79EFBC}") = "PaymentQueryAPI", "Services\Payment\PaymentQueryAPI\PaymentQueryAPI.csproj", "{2F0BC945-9364-4A68-9255-4683672F079A}"
EndProject
Global
	GlobalSection(SolutionConfigurationPlatforms) = preSolution
		Debug|Any CPU = Debug|Any CPU
		Release|Any CPU = Release|Any CPU
	EndGlobalSection
	GlobalSection(ProjectConfigurationPlatforms) = postSolution
		{FC730E80-5688-4FF8-A51C-1FD371F8A67D}.Debug|Any CPU.ActiveCfg = Debug|Any CPU
		{FC730E80-5688-4FF8-A51C-1FD371F8A67D}.Debug|Any CPU.Build.0 = Debug|Any CPU
		{FC730E80-5688-4FF8-A51C-1FD371F8A67D}.Release|Any CPU.ActiveCfg = Release|Any CPU
		{FC730E80-5688-4FF8-A51C-1FD371F8A67D}.Release|Any CPU.Build.0 = Release|Any CPU
		{059F7C5C-3699-432D-8097-F7D9F4273A86}.Debug|Any CPU.ActiveCfg = Debug|Any CPU
		{059F7C5C-3699-432D-8097-F7D9F4273A86}.Debug|Any CPU.Build.0 = Debug|Any CPU
		{059F7C5C-3699-432D-8097-F7D9F4273A86}.Release|Any CPU.ActiveCfg = Release|Any CPU
		{059F7C5C-3699-432D-8097-F7D9F4273A86}.Release|Any CPU.Build.0 = Release|Any CPU
		{C9FB89A8-B5D8-4BBB-A633-C3998359E6B4}.Debug|Any CPU.ActiveCfg = Debug|Any CPU
		{C9FB89A8-B5D8-4BBB-A633-C3998359E6B4}.Debug|Any CPU.Build.0 = Debug|Any CPU
		{C9FB89A8-B5D8-4BBB-A633-C3998359E6B4}.Release|Any CPU.ActiveCfg = Release|Any CPU
		{C9FB89A8-B5D8-4BBB-A633-C3998359E6B4}.Release|Any CPU.Build.0 = Release|Any CPU
		{A101E04D-C5AC-4546-AE24-83444F68D1B0}.Debug|Any CPU.ActiveCfg = Debug|Any CPU
		{A101E04D-C5AC-4546-AE24-83444F68D1B0}.Debug|Any CPU.Build.0 = Debug|Any CPU
		{A101E04D-C5AC-4546-AE24-83444F68D1B0}.Release|Any CPU.ActiveCfg = Release|Any CPU
		{A101E04D-C5AC-4546-AE24-83444F68D1B0}.Release|Any CPU.Build.0 = Release|Any CPU
		{740618DA-C741-404A-A652-E0E9A1F11696}.Debug|Any CPU.ActiveCfg = Debug|Any CPU
		{740618DA-C741-404A-A652-E0E9A1F11696}.Debug|Any CPU.Build.0 = Debug|Any CPU
		{740618DA-C741-404A-A652-E0E9A1F11696}.Release|Any CPU.ActiveCfg = Release|Any CPU
		{740618DA-C741-404A-A652-E0E9A1F11696}.Release|Any CPU.Build.0 = Release|Any CPU
		{2F0BC945-9364-4A68-9255-4683672F079A}.Debug|Any CPU.ActiveCfg = Debug|Any CPU
		{2F0BC945-9364-4A68-9255-4683672F079A}.Debug|Any CPU.Build.0 = Debug|Any CPU
		{2F0BC945-9364-4A68-9255-4683672F079A}.Release|Any CPU.ActiveCfg = Release|Any CPU
		{2F0BC945-9364-4A68-9255-4683672F079A}.Release|Any CPU.Build.0 = Release|Any CPU
	EndGlobalSection
EndGlobal
